
Microsoft Visual Studio Solution File, Format Version 12.00
# Visual Studio Version 16
VisualStudioVersion = 16.0.31129.286
MinimumVisualStudioVersion = 10.0.40219.1
Project("{FAE04EC0-301F-11D3-BF4B-00C04F79EFBC}") = "Presentacion", "Presentacion\Presentacion.csproj", "{9C7FF709-7CDC-4E6F-ACA6-B956E83DC1A8}"
EndProject
Project("{FAE04EC0-301F-11D3-BF4B-00C04F79EFBC}") = "Negocio", "Negocio\Negocio.csproj", "{60EB09D8-7EF1-49D3-A0EE-7E57C0423BAE}"
EndProject
Project("{FAE04EC0-301F-11D3-BF4B-00C04F79EFBC}") = "Datos", "Datos\Datos.csproj", "{1F6F4166-9E5A-417C-BB8D-555D06F9D7B6}"
EndProject
Project("{FAE04EC0-301F-11D3-BF4B-00C04F79EFBC}") = "Soporte", "Soporte\Soporte.csproj", "{FB175EAC-A728-4F7F-AC20-C2DC882E9757}"
EndProject
Global
	GlobalSection(SolutionConfigurationPlatforms) = preSolution
		Debug|Any CPU = Debug|Any CPU
		Release|Any CPU = Release|Any CPU
	EndGlobalSection
	GlobalSection(ProjectConfigurationPlatforms) = postSolution
		{9C7FF709-7CDC-4E6F-ACA6-B956E83DC1A8}.Debug|Any CPU.ActiveCfg = Debug|Any CPU
		{9C7FF709-7CDC-4E6F-ACA6-B956E83DC1A8}.Debug|Any CPU.Build.0 = Debug|Any CPU
		{9C7FF709-7CDC-4E6F-ACA6-B956E83DC1A8}.Release|Any CPU.ActiveCfg = Release|Any CPU
		{9C7FF709-7CDC-4E6F-ACA6-B956E83DC1A8}.Release|Any CPU.Build.0 = Release|Any CPU
		{60EB09D8-7EF1-49D3-A0EE-7E57C0423BAE}.Debug|Any CPU.ActiveCfg = Debug|Any CPU
		{60EB09D8-7EF1-49D3-A0EE-7E57C0423BAE}.Debug|Any CPU.Build.0 = Debug|Any CPU
		{60EB09D8-7EF1-49D3-A0EE-7E57C0423BAE}.Release|Any CPU.ActiveCfg = Release|Any CPU
		{60EB09D8-7EF1-49D3-A0EE-7E57C0423BAE}.Release|Any CPU.Build.0 = Release|Any CPU
		{1F6F4166-9E5A-417C-BB8D-555D06F9D7B6}.Debug|Any CPU.ActiveCfg = Debug|Any CPU
		{1F6F4166-9E5A-417C-BB8D-555D06F9D7B6}.Debug|Any CPU.Build.0 = Debug|Any CPU
		{1F6F4166-9E5A-417C-BB8D-555D06F9D7B6}.Release|Any CPU.ActiveCfg = Release|Any CPU
		{1F6F4166-9E5A-417C-BB8D-555D06F9D7B6}.Release|Any CPU.Build.0 = Release|Any CPU
		{FB175EAC-A728-4F7F-AC20-C2DC882E9757}.Debug|Any CPU.ActiveCfg = Debug|Any CPU
		{FB175EAC-A728-4F7F-AC20-C2DC882E9757}.Debug|Any CPU.Build.0 = Debug|Any CPU
		{FB175EAC-A728-4F7F-AC20-C2DC882E9757}.Release|Any CPU.ActiveCfg = Release|Any CPU
		{FB175EAC-A728-4F7F-AC20-C2DC882E9757}.Release|Any CPU.Build.0 = Release|Any CPU
	EndGlobalSection
	GlobalSection(SolutionProperties) = preSolution
		HideSolutionNode = FALSE
	EndGlobalSection
	GlobalSection(ExtensibilityGlobals) = postSolution
		SolutionGuid = {AC3C1BA8-90BE-4496-9195-FFE7EC721C3F}
	EndGlobalSection
EndGlobal
